<?xml version="1.0" encoding="UTF-8"?>
<!DOCTYPE plist PUBLIC "-//Apple//DTD PLIST 1.0//EN" "http://www.apple.com/DTDs/PropertyList-1.0.dtd">
<plist version="1.0">
<dict>
	<key>archiveVersion</key>
	<string>1</string>
	<key>classes</key>
	<dict/>
	<key>objectVersion</key>
	<string>46</string>
	<key>objects</key>
	<dict>
		<key>20A3AD4021E9386018ECEF10</key>
		<dict>
			<key>children</key>
			<array>
				<string>688929A612AFAA7F7B3BF08F</string>
				<string>4535BB6F01B964AC8FCF8884</string>
			</array>
			<key>isa</key>
			<string>PBXGroup</string>
			<key>name</key>
			<string>Pods</string>
			<key>sourceTree</key>
			<string>&lt;group&gt;</string>
		</dict>
		<key>4535BB6F01B964AC8FCF8884</key>
		<dict>
			<key>includeInIndex</key>
			<string>1</string>
			<key>isa</key>
			<string>PBXFileReference</string>
			<key>lastKnownFileType</key>
			<string>text.xcconfig</string>
			<key>name</key>
			<string>Pods-UI Tests.release.xcconfig</string>
			<key>path</key>
			<string>Pods/Target Support Files/Pods-UI Tests/Pods-UI Tests.release.xcconfig</string>
			<key>sourceTree</key>
			<string>&lt;group&gt;</string>
		</dict>
		<key>688929A612AFAA7F7B3BF08F</key>
		<dict>
			<key>includeInIndex</key>
			<string>1</string>
			<key>isa</key>
			<string>PBXFileReference</string>
			<key>lastKnownFileType</key>
			<string>text.xcconfig</string>
			<key>name</key>
			<string>Pods-UI Tests.debug.xcconfig</string>
			<key>path</key>
			<string>Pods/Target Support Files/Pods-UI Tests/Pods-UI Tests.debug.xcconfig</string>
			<key>sourceTree</key>
			<string>&lt;group&gt;</string>
		</dict>
		<key>7870468B186703BC00401921</key>
		<dict>
			<key>buildActionMask</key>
			<string>2147483647</string>
			<key>files</key>
			<array>
				<string>C9E48E2B189DB230004302E7</string>
			</array>
			<key>isa</key>
			<string>PBXSourcesBuildPhase</string>
			<key>runOnlyForDeploymentPostprocessing</key>
			<string>0</string>
		</dict>
		<key>7870468C186703BC00401921</key>
		<dict>
			<key>buildActionMask</key>
			<string>2147483647</string>
			<key>files</key>
			<array>
				<string>787046A4186703E300401921</string>
				<string>78704693186703BC00401921</string>
				<string>78704692186703BC00401921</string>
				<string>C865FA1F94F15AF9D33338DA</string>
			</array>
			<key>isa</key>
			<string>PBXFrameworksBuildPhase</string>
			<key>runOnlyForDeploymentPostprocessing</key>
			<string>0</string>
		</dict>
		<key>7870468D186703BC00401921</key>
		<dict>
			<key>buildActionMask</key>
			<string>2147483647</string>
			<key>files</key>
			<array>
				<string>78704699186703BC00401921</string>
			</array>
			<key>isa</key>
			<string>PBXResourcesBuildPhase</string>
			<key>runOnlyForDeploymentPostprocessing</key>
			<string>0</string>
		</dict>
		<key>7870468E186703BC00401921</key>
		<dict>
			<key>buildConfigurationList</key>
			<string>787046A1186703BC00401921</string>
			<key>buildPhases</key>
			<array>
				<string>CDDD3FA1F42310DF3AF5A273</string>
				<string>7870468B186703BC00401921</string>
				<string>7870468C186703BC00401921</string>
				<string>7870468D186703BC00401921</string>
				<string>D669A2D1F5EA180B9DC5A6AF</string>
			</array>
			<key>buildRules</key>
			<array/>
			<key>dependencies</key>
			<array>
				<string>7870469E186703BC00401921</string>
			</array>
			<key>isa</key>
			<string>PBXNativeTarget</string>
			<key>name</key>
			<string>UI Tests</string>
			<key>productName</key>
			<string>UI Tests</string>
			<key>productReference</key>
			<string>7870468F186703BC00401921</string>
			<key>productType</key>
			<string>com.apple.product-type.bundle.ocunit-test</string>
		</dict>
		<key>7870468F186703BC00401921</key>
		<dict>
			<key>explicitFileType</key>
			<string>wrapper.cfbundle</string>
			<key>includeInIndex</key>
			<string>0</string>
			<key>isa</key>
			<string>PBXFileReference</string>
			<key>path</key>
			<string>UI Tests.octest</string>
			<key>sourceTree</key>
			<string>BUILT_PRODUCTS_DIR</string>
		</dict>
		<key>78704692186703BC00401921</key>
		<dict>
			<key>fileRef</key>
			<string>78DB87F91858F0CC00BF5054</string>
			<key>isa</key>
			<string>PBXBuildFile</string>
		</dict>
		<key>78704693186703BC00401921</key>
		<dict>
			<key>fileRef</key>
			<string>78DB87FD1858F0CC00BF5054</string>
			<key>isa</key>
			<string>PBXBuildFile</string>
		</dict>
		<key>78704694186703BC00401921</key>
		<dict>
			<key>children</key>
			<array>
				<string>78704695186703BC00401921</string>
				<string>C9E48E29189DB230004302E7</string>
				<string>C9E48E2A189DB230004302E7</string>
			</array>
			<key>isa</key>
			<string>PBXGroup</string>
			<key>path</key>
			<string>UI Tests</string>
			<key>sourceTree</key>
			<string>&lt;group&gt;</string>
		</dict>
		<key>78704695186703BC00401921</key>
		<dict>
			<key>children</key>
			<array>
				<string>78704696186703BC00401921</string>
				<string>78704697186703BC00401921</string>
				<string>7870469C186703BC00401921</string>
			</array>
			<key>isa</key>
			<string>PBXGroup</string>
			<key>name</key>
			<string>Supporting Files</string>
			<key>sourceTree</key>
			<string>&lt;group&gt;</string>
		</dict>
		<key>78704696186703BC00401921</key>
		<dict>
			<key>isa</key>
			<string>PBXFileReference</string>
			<key>lastKnownFileType</key>
			<string>text.plist.xml</string>
			<key>path</key>
			<string>UI Tests-Info.plist</string>
			<key>sourceTree</key>
			<string>&lt;group&gt;</string>
		</dict>
		<key>78704697186703BC00401921</key>
		<dict>
			<key>children</key>
			<array>
				<string>78704698186703BC00401921</string>
			</array>
			<key>isa</key>
			<string>PBXVariantGroup</string>
			<key>name</key>
			<string>InfoPlist.strings</string>
			<key>sourceTree</key>
			<string>&lt;group&gt;</string>
		</dict>
		<key>78704698186703BC00401921</key>
		<dict>
			<key>isa</key>
			<string>PBXFileReference</string>
			<key>lastKnownFileType</key>
			<string>text.plist.strings</string>
			<key>name</key>
			<string>en</string>
			<key>path</key>
			<string>en.lproj/InfoPlist.strings</string>
			<key>sourceTree</key>
			<string>&lt;group&gt;</string>
		</dict>
		<key>78704699186703BC00401921</key>
		<dict>
			<key>fileRef</key>
			<string>78704697186703BC00401921</string>
			<key>isa</key>
			<string>PBXBuildFile</string>
		</dict>
		<key>7870469C186703BC00401921</key>
		<dict>
			<key>isa</key>
			<string>PBXFileReference</string>
			<key>lastKnownFileType</key>
			<string>sourcecode.c.h</string>
			<key>path</key>
			<string>UI Tests-Prefix.pch</string>
			<key>sourceTree</key>
			<string>&lt;group&gt;</string>
		</dict>
		<key>7870469D186703BC00401921</key>
		<dict>
			<key>containerPortal</key>
			<string>78DB87EE1858F0CC00BF5054</string>
			<key>isa</key>
			<string>PBXContainerItemProxy</string>
			<key>proxyType</key>
			<string>1</string>
			<key>remoteGlobalIDString</key>
			<string>78DB87F51858F0CC00BF5054</string>
			<key>remoteInfo</key>
			<string>solanum</string>
		</dict>
		<key>7870469E186703BC00401921</key>
		<dict>
			<key>isa</key>
			<string>PBXTargetDependency</string>
			<key>target</key>
			<string>78DB87F51858F0CC00BF5054</string>
			<key>targetProxy</key>
			<string>7870469D186703BC00401921</string>
		</dict>
		<key>7870469F186703BC00401921</key>
		<dict>
			<key>baseConfigurationReference</key>
			<string>688929A612AFAA7F7B3BF08F</string>
			<key>buildSettings</key>
			<dict>
				<key>BUNDLE_LOADER</key>
				<string>$(TEST_HOST)</string>
				<key>FRAMEWORK_SEARCH_PATHS</key>
				<array>
					<string>$(SDKROOT)/Developer/Library/Frameworks</string>
					<string>$(inherited)</string>
					<string>$(DEVELOPER_FRAMEWORKS_DIR)</string>
				</array>
				<key>GCC_PRECOMPILE_PREFIX_HEADER</key>
				<string>YES</string>
				<key>GCC_PREFIX_HEADER</key>
				<string>UI Tests/UI Tests-Prefix.pch</string>
				<key>GCC_PREPROCESSOR_DEFINITIONS</key>
				<array>
					<string>DEBUG=1</string>
					<string>$(inherited)</string>
				</array>
				<key>INFOPLIST_FILE</key>
				<string>UI Tests/UI Tests-Info.plist</string>
				<key>LIBRARY_SEARCH_PATHS</key>
				<array>
					<string>$(inherited)</string>
					<string>$(USER_LIBRARY_DIR)/Developer/Xcode/DerivedData/solanum-dgtmxsxmewpsicdkhbvveoamrbif/Build/Products/Debug-iphoneos</string>
				</array>
				<key>OTHER_LDFLAGS</key>
				<array>
					<string>-ObjC</string>
					<string>$(inherited)</string>
				</array>
				<key>PRODUCT_NAME</key>
				<string>$(TARGET_NAME)</string>
				<key>TEST_HOST</key>
				<string>$(BUILT_PRODUCTS_DIR)/SynerzipTest.app/SynerzipTest</string>
				<key>WRAPPER_EXTENSION</key>
				<string>octest</string>
			</dict>
			<key>isa</key>
			<string>XCBuildConfiguration</string>
			<key>name</key>
			<string>Debug</string>
		</dict>
		<key>787046A0186703BC00401921</key>
		<dict>
			<key>baseConfigurationReference</key>
			<string>4535BB6F01B964AC8FCF8884</string>
			<key>buildSettings</key>
			<dict>
				<key>BUNDLE_LOADER</key>
				<string>$(TEST_HOST)</string>
				<key>FRAMEWORK_SEARCH_PATHS</key>
				<array>
					<string>$(SDKROOT)/Developer/Library/Frameworks</string>
					<string>$(inherited)</string>
					<string>$(DEVELOPER_FRAMEWORKS_DIR)</string>
				</array>
				<key>GCC_PRECOMPILE_PREFIX_HEADER</key>
				<string>YES</string>
				<key>GCC_PREFIX_HEADER</key>
				<string>UI Tests/UI Tests-Prefix.pch</string>
				<key>INFOPLIST_FILE</key>
				<string>UI Tests/UI Tests-Info.plist</string>
				<key>LIBRARY_SEARCH_PATHS</key>
				<array>
					<string>$(inherited)</string>
					<string>$(USER_LIBRARY_DIR)/Developer/Xcode/DerivedData/solanum-dgtmxsxmewpsicdkhbvveoamrbif/Build/Products/Debug-iphoneos</string>
				</array>
				<key>OTHER_LDFLAGS</key>
				<array>
					<string>-ObjC</string>
					<string>$(inherited)</string>
				</array>
				<key>PRODUCT_NAME</key>
				<string>$(TARGET_NAME)</string>
				<key>TEST_HOST</key>
				<string>$(BUILT_PRODUCTS_DIR)/SynerzipTest.app/SynerzipTest</string>
				<key>WRAPPER_EXTENSION</key>
				<string>octest</string>
			</dict>
			<key>isa</key>
			<string>XCBuildConfiguration</string>
			<key>name</key>
			<string>Release</string>
		</dict>
		<key>787046A1186703BC00401921</key>
		<dict>
			<key>buildConfigurations</key>
			<array>
				<string>7870469F186703BC00401921</string>
				<string>787046A0186703BC00401921</string>
			</array>
			<key>defaultConfigurationIsVisible</key>
			<string>0</string>
			<key>defaultConfigurationName</key>
			<string>Release</string>
			<key>isa</key>
			<string>XCConfigurationList</string>
		</dict>
		<key>787046A4186703E300401921</key>
		<dict>
			<key>fileRef</key>
			<string>78DB87FB1858F0CC00BF5054</string>
			<key>isa</key>
			<string>PBXBuildFile</string>
		</dict>
		<key>788CAB7618614E5100DEFD37</key>
		<dict>
			<key>fileEncoding</key>
			<string>4</string>
			<key>isa</key>
			<string>PBXFileReference</string>
			<key>lastKnownFileType</key>
			<string>sourcecode.c.h</string>
			<key>path</key>
			<string>DetailsViewController.h</string>
			<key>sourceTree</key>
			<string>&lt;group&gt;</string>
		</dict>
		<key>788CAB7718614E5100DEFD37</key>
		<dict>
			<key>fileEncoding</key>
			<string>4</string>
			<key>isa</key>
			<string>PBXFileReference</string>
			<key>lastKnownFileType</key>
			<string>sourcecode.c.objc</string>
			<key>path</key>
			<string>DetailsViewController.m</string>
			<key>sourceTree</key>
			<string>&lt;group&gt;</string>
		</dict>
		<key>788CAB7818614E5100DEFD37</key>
		<dict>
			<key>fileRef</key>
			<string>788CAB7718614E5100DEFD37</string>
			<key>isa</key>
			<string>PBXBuildFile</string>
		</dict>
		<key>788CAB791861563500DEFD37</key>
		<dict>
			<key>isa</key>
			<string>PBXFileReference</string>
			<key>lastKnownFileType</key>
			<string>sourcecode.c.h</string>
			<key>path</key>
			<string>StringKeys.h</string>
			<key>sourceTree</key>
			<string>&lt;group&gt;</string>
		</dict>
		<key>78957B091866FBDA0000EDAE</key>
		<dict>
			<key>children</key>
			<array>
				<string>78BDFB681866FE7500F4B074</string>
				<string>78BDFB691866FE7500F4B074</string>
				<string>78BDFB6A1866FE7500F4B074</string>
				<string>78BDFB6B1866FE7500F4B074</string>
				<string>78957B0A1866FBDA0000EDAE</string>
				<string>78957B0B1866FBDA0000EDAE</string>
				<string>78957B0C1866FBDA0000EDAE</string>
			</array>
			<key>isa</key>
			<string>PBXGroup</string>
			<key>path</key>
			<string>icons</string>
			<key>sourceTree</key>
			<string>&lt;group&gt;</string>
		</dict>
		<key>78957B0A1866FBDA0000EDAE</key>
		<dict>
			<key>isa</key>
			<string>PBXFileReference</string>
			<key>lastKnownFileType</key>
			<string>image.png</string>
			<key>path</key>
			<string>icon-120.png</string>
			<key>sourceTree</key>
			<string>&lt;group&gt;</string>
		</dict>
		<key>78957B0B1866FBDA0000EDAE</key>
		<dict>
			<key>isa</key>
			<string>PBXFileReference</string>
			<key>lastKnownFileType</key>
			<string>image.png</string>
			<key>path</key>
			<string>icon-58.png</string>
			<key>sourceTree</key>
			<string>&lt;group&gt;</string>
		</dict>
		<key>78957B0C1866FBDA0000EDAE</key>
		<dict>
			<key>isa</key>
			<string>PBXFileReference</string>
			<key>lastKnownFileType</key>
			<string>image.png</string>
			<key>path</key>
			<string>icon-80.png</string>
			<key>sourceTree</key>
			<string>&lt;group&gt;</string>
		</dict>
		<key>78957B0D1866FBDA0000EDAE</key>
		<dict>
			<key>fileRef</key>
			<string>78957B0A1866FBDA0000EDAE</string>
			<key>isa</key>
			<string>PBXBuildFile</string>
		</dict>
		<key>78957B0E1866FBDA0000EDAE</key>
		<dict>
			<key>fileRef</key>
			<string>78957B0B1866FBDA0000EDAE</string>
			<key>isa</key>
			<string>PBXBuildFile</string>
		</dict>
		<key>78957B0F1866FBDA0000EDAE</key>
		<dict>
			<key>fileRef</key>
			<string>78957B0C1866FBDA0000EDAE</string>
			<key>isa</key>
			<string>PBXBuildFile</string>
		</dict>
		<key>78BDFB681866FE7500F4B074</key>
		<dict>
			<key>isa</key>
			<string>PBXFileReference</string>
			<key>lastKnownFileType</key>
			<string>image.png</string>
			<key>path</key>
			<string>tab-settings.png</string>
			<key>sourceTree</key>
			<string>&lt;group&gt;</string>
		</dict>
		<key>78BDFB691866FE7500F4B074</key>
		<dict>
			<key>isa</key>
			<string>PBXFileReference</string>
			<key>lastKnownFileType</key>
			<string>image.png</string>
			<key>path</key>
			<string>tab-settings@2x.png</string>
			<key>sourceTree</key>
			<string>&lt;group&gt;</string>
		</dict>
		<key>78BDFB6A1866FE7500F4B074</key>
		<dict>
			<key>isa</key>
			<string>PBXFileReference</string>
			<key>lastKnownFileType</key>
			<string>image.png</string>
			<key>path</key>
			<string>tab-timer.png</string>
			<key>sourceTree</key>
			<string>&lt;group&gt;</string>
		</dict>
		<key>78BDFB6B1866FE7500F4B074</key>
		<dict>
			<key>isa</key>
			<string>PBXFileReference</string>
			<key>lastKnownFileType</key>
			<string>image.png</string>
			<key>path</key>
			<string>tab-timer@2x.png</string>
			<key>sourceTree</key>
			<string>&lt;group&gt;</string>
		</dict>
		<key>78BDFB6C1866FE7500F4B074</key>
		<dict>
			<key>fileRef</key>
			<string>78BDFB681866FE7500F4B074</string>
			<key>isa</key>
			<string>PBXBuildFile</string>
		</dict>
		<key>78BDFB6D1866FE7500F4B074</key>
		<dict>
			<key>fileRef</key>
			<string>78BDFB691866FE7500F4B074</string>
			<key>isa</key>
			<string>PBXBuildFile</string>
		</dict>
		<key>78BDFB6E1866FE7500F4B074</key>
		<dict>
			<key>fileRef</key>
			<string>78BDFB6A1866FE7500F4B074</string>
			<key>isa</key>
			<string>PBXBuildFile</string>
		</dict>
		<key>78BDFB6F1866FE7500F4B074</key>
		<dict>
			<key>fileRef</key>
			<string>78BDFB6B1866FE7500F4B074</string>
			<key>isa</key>
			<string>PBXBuildFile</string>
		</dict>
		<key>78BDFB701867006C00F4B074</key>
		<dict>
			<key>isa</key>
			<string>PBXFileReference</string>
			<key>lastKnownFileType</key>
			<string>file</string>
			<key>path</key>
			<string>alert.caf</string>
			<key>sourceTree</key>
			<string>&lt;group&gt;</string>
		</dict>
		<key>78BDFB711867007500F4B074</key>
		<dict>
			<key>fileRef</key>
			<string>78BDFB701867006C00F4B074</string>
			<key>isa</key>
			<string>PBXBuildFile</string>
		</dict>
		<key>78BDFB721867009800F4B074</key>
		<dict>
			<key>isa</key>
			<string>PBXFileReference</string>
			<key>lastKnownFileType</key>
			<string>wrapper.framework</string>
			<key>name</key>
			<string>AVFoundation.framework</string>
			<key>path</key>
			<string>System/Library/Frameworks/AVFoundation.framework</string>
			<key>sourceTree</key>
			<string>SDKROOT</string>
		</dict>
		<key>78BDFB731867009800F4B074</key>
		<dict>
			<key>fileRef</key>
			<string>78BDFB721867009800F4B074</string>
			<key>isa</key>
			<string>PBXBuildFile</string>
		</dict>
		<key>78D9006C185E115C00650F3F</key>
		<dict>
			<key>fileEncoding</key>
			<string>4</string>
			<key>isa</key>
			<string>PBXFileReference</string>
			<key>lastKnownFileType</key>
			<string>sourcecode.c.h</string>
			<key>path</key>
			<string>HistoryViewController.h</string>
			<key>sourceTree</key>
			<string>&lt;group&gt;</string>
		</dict>
		<key>78D9006D185E115C00650F3F</key>
		<dict>
			<key>fileEncoding</key>
			<string>4</string>
			<key>isa</key>
			<string>PBXFileReference</string>
			<key>lastKnownFileType</key>
			<string>sourcecode.c.objc</string>
			<key>path</key>
			<string>HistoryViewController.m</string>
			<key>sourceTree</key>
			<string>&lt;group&gt;</string>
		</dict>
		<key>78D9006E185E115C00650F3F</key>
		<dict>
			<key>fileRef</key>
			<string>78D9006D185E115C00650F3F</string>
			<key>isa</key>
			<string>PBXBuildFile</string>
		</dict>
		<key>78D9006F185E181000650F3F</key>
		<dict>
			<key>fileEncoding</key>
			<string>4</string>
			<key>isa</key>
			<string>PBXFileReference</string>
			<key>lastKnownFileType</key>
			<string>sourcecode.c.h</string>
			<key>path</key>
			<string>WorkViewController.h</string>
			<key>sourceTree</key>
			<string>&lt;group&gt;</string>
		</dict>
		<key>78D90070185E181000650F3F</key>
		<dict>
			<key>fileEncoding</key>
			<string>4</string>
			<key>isa</key>
			<string>PBXFileReference</string>
			<key>lastKnownFileType</key>
			<string>sourcecode.c.objc</string>
			<key>path</key>
			<string>WorkViewController.m</string>
			<key>sourceTree</key>
			<string>&lt;group&gt;</string>
		</dict>
		<key>78D90071185E181000650F3F</key>
		<dict>
			<key>fileRef</key>
			<string>78D90070185E181000650F3F</string>
			<key>isa</key>
			<string>PBXBuildFile</string>
		</dict>
		<key>78DB87ED1858F0CC00BF5054</key>
		<dict>
			<key>children</key>
			<array>
				<string>78DB87FF1858F0CC00BF5054</string>
				<string>78704694186703BC00401921</string>
				<string>78DB87F81858F0CC00BF5054</string>
				<string>78DB87F71858F0CC00BF5054</string>
				<string>20A3AD4021E9386018ECEF10</string>
			</array>
			<key>isa</key>
			<string>PBXGroup</string>
			<key>sourceTree</key>
			<string>&lt;group&gt;</string>
		</dict>
		<key>78DB87EE1858F0CC00BF5054</key>
		<dict>
			<key>attributes</key>
			<dict>
				<key>LastUpgradeCheck</key>
				<string>0610</string>
				<key>ORGANIZATIONNAME</key>
				<string>Razeware</string>
				<key>TargetAttributes</key>
				<dict>
					<key>7870468E186703BC00401921</key>
					<dict>
						<key>TestTargetID</key>
						<string>78DB87F51858F0CC00BF5054</string>
					</dict>
				</dict>
			</dict>
			<key>buildConfigurationList</key>
			<string>78DB87F11858F0CC00BF5054</string>
			<key>compatibilityVersion</key>
			<string>Xcode 3.2</string>
			<key>developmentRegion</key>
			<string>English</string>
			<key>hasScannedForEncodings</key>
			<string>0</string>
			<key>isa</key>
			<string>PBXProject</string>
			<key>knownRegions</key>
			<array>
				<string>en</string>
				<string>Base</string>
			</array>
			<key>mainGroup</key>
			<string>78DB87ED1858F0CC00BF5054</string>
			<key>productRefGroup</key>
			<string>78DB87F71858F0CC00BF5054</string>
			<key>projectDirPath</key>
			<string></string>
			<key>projectReferences</key>
			<array/>
			<key>projectRoot</key>
			<string></string>
			<key>targets</key>
			<array>
				<string>78DB87F51858F0CC00BF5054</string>
				<string>7870468E186703BC00401921</string>
			</array>
		</dict>
		<key>78DB87F11858F0CC00BF5054</key>
		<dict>
			<key>buildConfigurations</key>
			<array>
				<string>78DB88261858F0CC00BF5054</string>
				<string>78DB88271858F0CC00BF5054</string>
			</array>
			<key>defaultConfigurationIsVisible</key>
			<string>0</string>
			<key>defaultConfigurationName</key>
			<string>Release</string>
			<key>isa</key>
			<string>XCConfigurationList</string>
		</dict>
		<key>78DB87F21858F0CC00BF5054</key>
		<dict>
			<key>buildActionMask</key>
			<string>2147483647</string>
			<key>files</key>
			<array>
				<string>78E4CEDA185B93DC000ED8FC</string>
				<string>78DB880A1858F0CC00BF5054</string>
				<string>78E4CED718597235000ED8FC</string>
				<string>78D90071185E181000650F3F</string>
				<string>78DB88061858F0CC00BF5054</string>
				<string>78D9006E185E115C00650F3F</string>
				<string>78E4CED4185962BA000ED8FC</string>
				<string>788CAB7818614E5100DEFD37</string>
			</array>
			<key>isa</key>
			<string>PBXSourcesBuildPhase</string>
			<key>runOnlyForDeploymentPostprocessing</key>
			<string>0</string>
		</dict>
		<key>78DB87F31858F0CC00BF5054</key>
		<dict>
			<key>buildActionMask</key>
			<string>2147483647</string>
			<key>files</key>
			<array>
				<string>78BDFB731867009800F4B074</string>
				<string>78DB87FC1858F0CC00BF5054</string>
				<string>78DB87FE1858F0CC00BF5054</string>
				<string>78DB87FA1858F0CC00BF5054</string>
			</array>
			<key>isa</key>
			<string>PBXFrameworksBuildPhase</string>
			<key>runOnlyForDeploymentPostprocessing</key>
			<string>0</string>
		</dict>
		<key>78DB87F41858F0CC00BF5054</key>
		<dict>
			<key>buildActionMask</key>
			<string>2147483647</string>
			<key>files</key>
			<array>
				<string>78957B0D1866FBDA0000EDAE</string>
				<string>78DB88121858F0CC00BF5054</string>
				<string>78BDFB6C1866FE7500F4B074</string>
				<string>78957B0F1866FBDA0000EDAE</string>
				<string>78DB88041858F0CC00BF5054</string>
				<string>78BDFB6D1866FE7500F4B074</string>
				<string>78BDFB6F1866FE7500F4B074</string>
				<string>78BDFB6E1866FE7500F4B074</string>
				<string>78957B0E1866FBDA0000EDAE</string>
				<string>78DB880D1858F0CC00BF5054</string>
				<string>78BDFB711867007500F4B074</string>
			</array>
			<key>isa</key>
			<string>PBXResourcesBuildPhase</string>
			<key>runOnlyForDeploymentPostprocessing</key>
			<string>0</string>
		</dict>
		<key>78DB87F51858F0CC00BF5054</key>
		<dict>
			<key>buildConfigurationList</key>
			<string>78DB88281858F0CC00BF5054</string>
			<key>buildPhases</key>
			<array>
				<string>78DB87F21858F0CC00BF5054</string>
				<string>78DB87F31858F0CC00BF5054</string>
				<string>78DB87F41858F0CC00BF5054</string>
			</array>
			<key>buildRules</key>
			<array/>
			<key>dependencies</key>
			<array/>
			<key>isa</key>
			<string>PBXNativeTarget</string>
			<key>name</key>
			<string>SynerzipTest</string>
			<key>productName</key>
			<string>solanum</string>
			<key>productReference</key>
			<string>78DB87F61858F0CC00BF5054</string>
			<key>productType</key>
			<string>com.apple.product-type.application</string>
		</dict>
		<key>78DB87F61858F0CC00BF5054</key>
		<dict>
			<key>explicitFileType</key>
			<string>wrapper.application</string>
			<key>includeInIndex</key>
			<string>0</string>
			<key>isa</key>
			<string>PBXFileReference</string>
			<key>path</key>
			<string>SynerzipTest.app</string>
			<key>sourceTree</key>
			<string>BUILT_PRODUCTS_DIR</string>
		</dict>
		<key>78DB87F71858F0CC00BF5054</key>
		<dict>
			<key>children</key>
			<array>
				<string>78DB87F61858F0CC00BF5054</string>
				<string>7870468F186703BC00401921</string>
			</array>
			<key>isa</key>
			<string>PBXGroup</string>
			<key>name</key>
			<string>Products</string>
			<key>sourceTree</key>
			<string>&lt;group&gt;</string>
		</dict>
		<key>78DB87F81858F0CC00BF5054</key>
		<dict>
			<key>children</key>
			<array>
				<string>78BDFB721867009800F4B074</string>
				<string>78DB87F91858F0CC00BF5054</string>
				<string>78DB87FB1858F0CC00BF5054</string>
				<string>78DB87FD1858F0CC00BF5054</string>
				<string>A917242833560C3FFE0CE06D</string>
			</array>
			<key>isa</key>
			<string>PBXGroup</string>
			<key>name</key>
			<string>Frameworks</string>
			<key>sourceTree</key>
			<string>&lt;group&gt;</string>
		</dict>
		<key>78DB87F91858F0CC00BF5054</key>
		<dict>
			<key>isa</key>
			<string>PBXFileReference</string>
			<key>lastKnownFileType</key>
			<string>wrapper.framework</string>
			<key>name</key>
			<string>Foundation.framework</string>
			<key>path</key>
			<string>System/Library/Frameworks/Foundation.framework</string>
			<key>sourceTree</key>
			<string>SDKROOT</string>
		</dict>
		<key>78DB87FA1858F0CC00BF5054</key>
		<dict>
			<key>fileRef</key>
			<string>78DB87F91858F0CC00BF5054</string>
			<key>isa</key>
			<string>PBXBuildFile</string>
		</dict>
		<key>78DB87FB1858F0CC00BF5054</key>
		<dict>
			<key>isa</key>
			<string>PBXFileReference</string>
			<key>lastKnownFileType</key>
			<string>wrapper.framework</string>
			<key>name</key>
			<string>CoreGraphics.framework</string>
			<key>path</key>
			<string>System/Library/Frameworks/CoreGraphics.framework</string>
			<key>sourceTree</key>
			<string>SDKROOT</string>
		</dict>
		<key>78DB87FC1858F0CC00BF5054</key>
		<dict>
			<key>fileRef</key>
			<string>78DB87FB1858F0CC00BF5054</string>
			<key>isa</key>
			<string>PBXBuildFile</string>
		</dict>
		<key>78DB87FD1858F0CC00BF5054</key>
		<dict>
			<key>isa</key>
			<string>PBXFileReference</string>
			<key>lastKnownFileType</key>
			<string>wrapper.framework</string>
			<key>name</key>
			<string>UIKit.framework</string>
			<key>path</key>
			<string>System/Library/Frameworks/UIKit.framework</string>
			<key>sourceTree</key>
			<string>SDKROOT</string>
		</dict>
		<key>78DB87FE1858F0CC00BF5054</key>
		<dict>
			<key>fileRef</key>
			<string>78DB87FD1858F0CC00BF5054</string>
			<key>isa</key>
			<string>PBXBuildFile</string>
		</dict>
		<key>78DB87FF1858F0CC00BF5054</key>
		<dict>
			<key>children</key>
			<array>
				<string>78DB88081858F0CC00BF5054</string>
				<string>78DB88091858F0CC00BF5054</string>
				<string>78DB880B1858F0CC00BF5054</string>
				<string>788CAB791861563500DEFD37</string>
				<string>78E4CED2185962BA000ED8FC</string>
				<string>78E4CED3185962BA000ED8FC</string>
				<string>78E4CED518597235000ED8FC</string>
				<string>78E4CED618597235000ED8FC</string>
				<string>78E4CED8185B93DC000ED8FC</string>
				<string>78E4CED9185B93DC000ED8FC</string>
				<string>78D9006C185E115C00650F3F</string>
				<string>78D9006D185E115C00650F3F</string>
				<string>78D9006F185E181000650F3F</string>
				<string>78D90070185E181000650F3F</string>
				<string>788CAB7618614E5100DEFD37</string>
				<string>788CAB7718614E5100DEFD37</string>
				<string>78DB88111858F0CC00BF5054</string>
				<string>78BDFB701867006C00F4B074</string>
				<string>78DB88001858F0CC00BF5054</string>
				<string>78957B091866FBDA0000EDAE</string>
			</array>
			<key>isa</key>
			<string>PBXGroup</string>
			<key>path</key>
			<string>solanum</string>
			<key>sourceTree</key>
			<string>&lt;group&gt;</string>
		</dict>
		<key>78DB88001858F0CC00BF5054</key>
		<dict>
			<key>children</key>
			<array>
				<string>78DB88011858F0CC00BF5054</string>
				<string>78DB88021858F0CC00BF5054</string>
				<string>78DB88051858F0CC00BF5054</string>
				<string>78DB88071858F0CC00BF5054</string>
			</array>
			<key>isa</key>
			<string>PBXGroup</string>
			<key>name</key>
			<string>Supporting Files</string>
			<key>sourceTree</key>
			<string>&lt;group&gt;</string>
		</dict>
		<key>78DB88011858F0CC00BF5054</key>
		<dict>
			<key>isa</key>
			<string>PBXFileReference</string>
			<key>lastKnownFileType</key>
			<string>text.plist.xml</string>
			<key>path</key>
			<string>SynerzipTest-Info.plist</string>
			<key>sourceTree</key>
			<string>&lt;group&gt;</string>
		</dict>
		<key>78DB88021858F0CC00BF5054</key>
		<dict>
			<key>children</key>
			<array>
				<string>78DB88031858F0CC00BF5054</string>
			</array>
			<key>isa</key>
			<string>PBXVariantGroup</string>
			<key>name</key>
			<string>InfoPlist.strings</string>
			<key>sourceTree</key>
			<string>&lt;group&gt;</string>
		</dict>
		<key>78DB88031858F0CC00BF5054</key>
		<dict>
			<key>isa</key>
			<string>PBXFileReference</string>
			<key>lastKnownFileType</key>
			<string>text.plist.strings</string>
			<key>name</key>
			<string>en</string>
			<key>path</key>
			<string>en.lproj/InfoPlist.strings</string>
			<key>sourceTree</key>
			<string>&lt;group&gt;</string>
		</dict>
		<key>78DB88041858F0CC00BF5054</key>
		<dict>
			<key>fileRef</key>
			<string>78DB88021858F0CC00BF5054</string>
			<key>isa</key>
			<string>PBXBuildFile</string>
		</dict>
		<key>78DB88051858F0CC00BF5054</key>
		<dict>
			<key>isa</key>
			<string>PBXFileReference</string>
			<key>lastKnownFileType</key>
			<string>sourcecode.c.objc</string>
			<key>path</key>
			<string>main.m</string>
			<key>sourceTree</key>
			<string>&lt;group&gt;</string>
		</dict>
		<key>78DB88061858F0CC00BF5054</key>
		<dict>
			<key>fileRef</key>
			<string>78DB88051858F0CC00BF5054</string>
			<key>isa</key>
			<string>PBXBuildFile</string>
		</dict>
		<key>78DB88071858F0CC00BF5054</key>
		<dict>
			<key>isa</key>
			<string>PBXFileReference</string>
			<key>lastKnownFileType</key>
			<string>sourcecode.c.h</string>
			<key>path</key>
			<string>SynerzipTest-Prefix.pch</string>
			<key>sourceTree</key>
			<string>&lt;group&gt;</string>
		</dict>
		<key>78DB88081858F0CC00BF5054</key>
		<dict>
			<key>isa</key>
			<string>PBXFileReference</string>
			<key>lastKnownFileType</key>
			<string>sourcecode.c.h</string>
			<key>path</key>
			<string>AppDelegate.h</string>
			<key>sourceTree</key>
			<string>&lt;group&gt;</string>
		</dict>
		<key>78DB88091858F0CC00BF5054</key>
		<dict>
			<key>isa</key>
			<string>PBXFileReference</string>
			<key>lastKnownFileType</key>
			<string>sourcecode.c.objc</string>
			<key>path</key>
			<string>AppDelegate.m</string>
			<key>sourceTree</key>
			<string>&lt;group&gt;</string>
		</dict>
		<key>78DB880A1858F0CC00BF5054</key>
		<dict>
			<key>fileRef</key>
			<string>78DB88091858F0CC00BF5054</string>
			<key>isa</key>
			<string>PBXBuildFile</string>
		</dict>
		<key>78DB880B1858F0CC00BF5054</key>
		<dict>
			<key>children</key>
			<array>
				<string>78DB880C1858F0CC00BF5054</string>
			</array>
			<key>isa</key>
			<string>PBXVariantGroup</string>
			<key>name</key>
			<string>Main.storyboard</string>
			<key>sourceTree</key>
			<string>&lt;group&gt;</string>
		</dict>
		<key>78DB880C1858F0CC00BF5054</key>
		<dict>
			<key>isa</key>
			<string>PBXFileReference</string>
			<key>lastKnownFileType</key>
			<string>file.storyboard</string>
			<key>name</key>
			<string>Base</string>
			<key>path</key>
			<string>Base.lproj/Main.storyboard</string>
			<key>sourceTree</key>
			<string>&lt;group&gt;</string>
		</dict>
		<key>78DB880D1858F0CC00BF5054</key>
		<dict>
			<key>fileRef</key>
			<string>78DB880B1858F0CC00BF5054</string>
			<key>isa</key>
			<string>PBXBuildFile</string>
		</dict>
		<key>78DB88111858F0CC00BF5054</key>
		<dict>
			<key>isa</key>
			<string>PBXFileReference</string>
			<key>lastKnownFileType</key>
			<string>folder.assetcatalog</string>
			<key>path</key>
			<string>Images.xcassets</string>
			<key>sourceTree</key>
			<string>&lt;group&gt;</string>
		</dict>
		<key>78DB88121858F0CC00BF5054</key>
		<dict>
			<key>fileRef</key>
			<string>78DB88111858F0CC00BF5054</string>
			<key>isa</key>
			<string>PBXBuildFile</string>
		</dict>
		<key>78DB88261858F0CC00BF5054</key>
		<dict>
			<key>buildSettings</key>
			<dict>
				<key>ALWAYS_SEARCH_USER_PATHS</key>
				<string>NO</string>
				<key>CLANG_CXX_LANGUAGE_STANDARD</key>
				<string>gnu++0x</string>
				<key>CLANG_CXX_LIBRARY</key>
				<string>libc++</string>
				<key>CLANG_ENABLE_MODULES</key>
				<string>YES</string>
				<key>CLANG_ENABLE_OBJC_ARC</key>
				<string>YES</string>
				<key>CLANG_WARN_BOOL_CONVERSION</key>
				<string>YES</string>
				<key>CLANG_WARN_CONSTANT_CONVERSION</key>
				<string>YES</string>
				<key>CLANG_WARN_DIRECT_OBJC_ISA_USAGE</key>
				<string>YES_ERROR</string>
				<key>CLANG_WARN_EMPTY_BODY</key>
				<string>YES</string>
				<key>CLANG_WARN_ENUM_CONVERSION</key>
				<string>YES</string>
				<key>CLANG_WARN_INT_CONVERSION</key>
				<string>YES</string>
				<key>CLANG_WARN_OBJC_ROOT_CLASS</key>
				<string>YES_ERROR</string>
				<key>CLANG_WARN__DUPLICATE_METHOD_MATCH</key>
				<string>YES</string>
				<key>CODE_SIGN_IDENTITY</key>
				<string>iPhone Developer</string>
				<key>CODE_SIGN_IDENTITY[sdk=iphoneos*]</key>
				<string>iPhone Developer</string>
				<key>COPY_PHASE_STRIP</key>
				<string>NO</string>
				<key>GCC_C_LANGUAGE_STANDARD</key>
				<string>gnu99</string>
				<key>GCC_DYNAMIC_NO_PIC</key>
				<string>NO</string>
				<key>GCC_OPTIMIZATION_LEVEL</key>
				<string>0</string>
				<key>GCC_PREPROCESSOR_DEFINITIONS</key>
				<array>
					<string>DEBUG=1</string>
					<string>$(inherited)</string>
				</array>
				<key>GCC_SYMBOLS_PRIVATE_EXTERN</key>
				<string>NO</string>
				<key>GCC_WARN_64_TO_32_BIT_CONVERSION</key>
				<string>YES</string>
				<key>GCC_WARN_ABOUT_RETURN_TYPE</key>
				<string>YES_ERROR</string>
				<key>GCC_WARN_UNDECLARED_SELECTOR</key>
				<string>YES</string>
				<key>GCC_WARN_UNINITIALIZED_AUTOS</key>
				<string>YES</string>
				<key>GCC_WARN_UNUSED_FUNCTION</key>
				<string>YES</string>
				<key>GCC_WARN_UNUSED_VARIABLE</key>
				<string>YES</string>
				<key>IPHONEOS_DEPLOYMENT_TARGET</key>
				<string>7.0</string>
				<key>ONLY_ACTIVE_ARCH</key>
				<string>NO</string>
				<key>OTHER_LDFLAGS</key>
				<string>$(inherited)</string>
				<key>SDKROOT</key>
				<string>iphoneos</string>
				<key>VALID_ARCHS</key>
				<string>armv7 armv7s</string>
			</dict>
			<key>isa</key>
			<string>XCBuildConfiguration</string>
			<key>name</key>
			<string>Debug</string>
		</dict>
		<key>78DB88271858F0CC00BF5054</key>
		<dict>
			<key>buildSettings</key>
			<dict>
				<key>ALWAYS_SEARCH_USER_PATHS</key>
				<string>NO</string>
				<key>CLANG_CXX_LANGUAGE_STANDARD</key>
				<string>gnu++0x</string>
				<key>CLANG_CXX_LIBRARY</key>
				<string>libc++</string>
				<key>CLANG_ENABLE_MODULES</key>
				<string>YES</string>
				<key>CLANG_ENABLE_OBJC_ARC</key>
				<string>YES</string>
				<key>CLANG_WARN_BOOL_CONVERSION</key>
				<string>YES</string>
				<key>CLANG_WARN_CONSTANT_CONVERSION</key>
				<string>YES</string>
				<key>CLANG_WARN_DIRECT_OBJC_ISA_USAGE</key>
				<string>YES_ERROR</string>
				<key>CLANG_WARN_EMPTY_BODY</key>
				<string>YES</string>
				<key>CLANG_WARN_ENUM_CONVERSION</key>
				<string>YES</string>
				<key>CLANG_WARN_INT_CONVERSION</key>
				<string>YES</string>
				<key>CLANG_WARN_OBJC_ROOT_CLASS</key>
				<string>YES_ERROR</string>
				<key>CLANG_WARN__DUPLICATE_METHOD_MATCH</key>
				<string>YES</string>
				<key>CODE_SIGN_IDENTITY</key>
				<string>iPhone Developer</string>
				<key>CODE_SIGN_IDENTITY[sdk=iphoneos*]</key>
				<string>iPhone Developer</string>
				<key>COPY_PHASE_STRIP</key>
				<string>YES</string>
				<key>ENABLE_NS_ASSERTIONS</key>
				<string>NO</string>
				<key>GCC_C_LANGUAGE_STANDARD</key>
				<string>gnu99</string>
				<key>GCC_WARN_64_TO_32_BIT_CONVERSION</key>
				<string>YES</string>
				<key>GCC_WARN_ABOUT_RETURN_TYPE</key>
				<string>YES_ERROR</string>
				<key>GCC_WARN_UNDECLARED_SELECTOR</key>
				<string>YES</string>
				<key>GCC_WARN_UNINITIALIZED_AUTOS</key>
				<string>YES</string>
				<key>GCC_WARN_UNUSED_FUNCTION</key>
				<string>YES</string>
				<key>GCC_WARN_UNUSED_VARIABLE</key>
				<string>YES</string>
				<key>IPHONEOS_DEPLOYMENT_TARGET</key>
				<string>7.0</string>
				<key>OTHER_LDFLAGS</key>
				<string>$(inherited)</string>
				<key>SDKROOT</key>
				<string>iphoneos</string>
				<key>VALIDATE_PRODUCT</key>
				<string>YES</string>
				<key>VALID_ARCHS</key>
				<string>armv7 armv7s</string>
			</dict>
			<key>isa</key>
			<string>XCBuildConfiguration</string>
			<key>name</key>
			<string>Release</string>
		</dict>
		<key>78DB88281858F0CC00BF5054</key>
		<dict>
			<key>buildConfigurations</key>
			<array>
				<string>78DB88291858F0CC00BF5054</string>
				<string>78DB882A1858F0CC00BF5054</string>
			</array>
			<key>defaultConfigurationIsVisible</key>
			<string>0</string>
			<key>defaultConfigurationName</key>
			<string>Release</string>
			<key>isa</key>
			<string>XCConfigurationList</string>
		</dict>
		<key>78DB88291858F0CC00BF5054</key>
		<dict>
			<key>buildSettings</key>
			<dict>
				<key>ASSETCATALOG_COMPILER_APPICON_NAME</key>
				<string>AppIcon</string>
				<key>ASSETCATALOG_COMPILER_LAUNCHIMAGE_NAME</key>
				<string>LaunchImage</string>
				<key>FRAMEWORK_SEARCH_PATHS</key>
				<array>
					<string>$(inherited)</string>
					<string>$(DEVELOPER_FRAMEWORKS_DIR)</string>
				</array>
				<key>GCC_PRECOMPILE_PREFIX_HEADER</key>
				<string>YES</string>
				<key>GCC_PREFIX_HEADER</key>
				<string>solanum/SynerzipTest-Prefix.pch</string>
				<key>INFOPLIST_FILE</key>
				<string>solanum/SynerzipTest-Info.plist</string>
				<key>OTHER_LDFLAGS</key>
				<string>$(inherited)</string>
				<key>PRODUCT_NAME</key>
				<string>SynerzipTest</string>
				<key>WRAPPER_EXTENSION</key>
				<string>app</string>
			</dict>
			<key>isa</key>
			<string>XCBuildConfiguration</string>
			<key>name</key>
			<string>Debug</string>
		</dict>
		<key>78DB882A1858F0CC00BF5054</key>
		<dict>
			<key>buildSettings</key>
			<dict>
				<key>ASSETCATALOG_COMPILER_APPICON_NAME</key>
				<string>AppIcon</string>
				<key>ASSETCATALOG_COMPILER_LAUNCHIMAGE_NAME</key>
				<string>LaunchImage</string>
				<key>FRAMEWORK_SEARCH_PATHS</key>
				<array>
					<string>$(inherited)</string>
					<string>$(DEVELOPER_FRAMEWORKS_DIR)</string>
				</array>
				<key>GCC_PRECOMPILE_PREFIX_HEADER</key>
				<string>YES</string>
				<key>GCC_PREFIX_HEADER</key>
				<string>solanum/SynerzipTest-Prefix.pch</string>
				<key>INFOPLIST_FILE</key>
				<string>solanum/SynerzipTest-Info.plist</string>
				<key>OTHER_LDFLAGS</key>
				<string>$(inherited)</string>
				<key>PRODUCT_NAME</key>
				<string>SynerzipTest</string>
				<key>WRAPPER_EXTENSION</key>
				<string>app</string>
			</dict>
			<key>isa</key>
			<string>XCBuildConfiguration</string>
			<key>name</key>
			<string>Release</string>
		</dict>
		<key>78E4CED2185962BA000ED8FC</key>
		<dict>
			<key>fileEncoding</key>
			<string>4</string>
			<key>isa</key>
			<string>PBXFileReference</string>
			<key>lastKnownFileType</key>
			<string>sourcecode.c.h</string>
			<key>path</key>
			<string>SettingsViewController.h</string>
			<key>sourceTree</key>
			<string>&lt;group&gt;</string>
		</dict>
		<key>78E4CED3185962BA000ED8FC</key>
		<dict>
			<key>fileEncoding</key>
			<string>4</string>
			<key>isa</key>
			<string>PBXFileReference</string>
			<key>lastKnownFileType</key>
			<string>sourcecode.c.objc</string>
			<key>path</key>
			<string>SettingsViewController.m</string>
			<key>sourceTree</key>
			<string>&lt;group&gt;</string>
		</dict>
		<key>78E4CED4185962BA000ED8FC</key>
		<dict>
			<key>fileRef</key>
			<string>78E4CED3185962BA000ED8FC</string>
			<key>isa</key>
			<string>PBXBuildFile</string>
		</dict>
		<key>78E4CED518597235000ED8FC</key>
		<dict>
			<key>fileEncoding</key>
			<string>4</string>
			<key>isa</key>
			<string>PBXFileReference</string>
			<key>lastKnownFileType</key>
			<string>sourcecode.c.h</string>
			<key>path</key>
			<string>TimerViewController.h</string>
			<key>sourceTree</key>
			<string>&lt;group&gt;</string>
		</dict>
		<key>78E4CED618597235000ED8FC</key>
		<dict>
			<key>fileEncoding</key>
			<string>4</string>
			<key>isa</key>
			<string>PBXFileReference</string>
			<key>lastKnownFileType</key>
			<string>sourcecode.c.objc</string>
			<key>path</key>
			<string>TimerViewController.m</string>
			<key>sourceTree</key>
			<string>&lt;group&gt;</string>
		</dict>
		<key>78E4CED718597235000ED8FC</key>
		<dict>
			<key>fileRef</key>
			<string>78E4CED618597235000ED8FC</string>
			<key>isa</key>
			<string>PBXBuildFile</string>
		</dict>
		<key>78E4CED8185B93DC000ED8FC</key>
		<dict>
			<key>fileEncoding</key>
			<string>4</string>
			<key>isa</key>
			<string>PBXFileReference</string>
			<key>lastKnownFileType</key>
			<string>sourcecode.c.h</string>
			<key>path</key>
			<string>PresetsViewController.h</string>
			<key>sourceTree</key>
			<string>&lt;group&gt;</string>
		</dict>
		<key>78E4CED9185B93DC000ED8FC</key>
		<dict>
			<key>fileEncoding</key>
			<string>4</string>
			<key>isa</key>
			<string>PBXFileReference</string>
			<key>lastKnownFileType</key>
			<string>sourcecode.c.objc</string>
			<key>path</key>
			<string>PresetsViewController.m</string>
			<key>sourceTree</key>
			<string>&lt;group&gt;</string>
		</dict>
		<key>78E4CEDA185B93DC000ED8FC</key>
		<dict>
			<key>fileRef</key>
			<string>78E4CED9185B93DC000ED8FC</string>
			<key>isa</key>
			<string>PBXBuildFile</string>
		</dict>
		<key>A917242833560C3FFE0CE06D</key>
		<dict>
			<key>explicitFileType</key>
			<string>archive.ar</string>
			<key>includeInIndex</key>
			<string>0</string>
			<key>isa</key>
			<string>PBXFileReference</string>
			<key>path</key>
			<string>libPods-UI Tests.a</string>
			<key>sourceTree</key>
			<string>BUILT_PRODUCTS_DIR</string>
		</dict>
		<key>C865FA1F94F15AF9D33338DA</key>
		<dict>
			<key>fileRef</key>
			<string>A917242833560C3FFE0CE06D</string>
			<key>isa</key>
			<string>PBXBuildFile</string>
		</dict>
		<key>C9E48E29189DB230004302E7</key>
		<dict>
			<key>fileEncoding</key>
			<string>4</string>
			<key>isa</key>
			<string>PBXFileReference</string>
			<key>lastKnownFileType</key>
			<string>sourcecode.c.h</string>
			<key>path</key>
			<string>UITests.h</string>
			<key>sourceTree</key>
			<string>&lt;group&gt;</string>
		</dict>
		<key>C9E48E2A189DB230004302E7</key>
		<dict>
			<key>fileEncoding</key>
			<string>4</string>
			<key>isa</key>
			<string>PBXFileReference</string>
			<key>lastKnownFileType</key>
			<string>sourcecode.c.objc</string>
			<key>path</key>
			<string>UITests.m</string>
			<key>sourceTree</key>
			<string>&lt;group&gt;</string>
		</dict>
		<key>C9E48E2B189DB230004302E7</key>
		<dict>
			<key>fileRef</key>
			<string>C9E48E2A189DB230004302E7</string>
			<key>isa</key>
			<string>PBXBuildFile</string>
		</dict>
		<key>CDDD3FA1F42310DF3AF5A273</key>
		<dict>
			<key>buildActionMask</key>
			<string>2147483647</string>
			<key>files</key>
			<array/>
			<key>inputPaths</key>
			<array/>
			<key>isa</key>
			<string>PBXShellScriptBuildPhase</string>
			<key>name</key>
			<string>Check Pods Manifest.lock</string>
			<key>outputPaths</key>
			<array/>
			<key>runOnlyForDeploymentPostprocessing</key>
			<string>0</string>
			<key>shellPath</key>
			<string>/bin/sh</string>
			<key>shellScript</key>
			<string>diff "${PODS_ROOT}/../Podfile.lock" "${PODS_ROOT}/Manifest.lock" &gt; /dev/null
if [[ $? != 0 ]] ; then
    cat &lt;&lt; EOM
error: The sandbox is not in sync with the Podfile.lock. Run 'pod install' or update your CocoaPods installation.
EOM
    exit 1
fi
</string>
			<key>showEnvVarsInLog</key>
			<string>0</string>
		</dict>
		<key>D669A2D1F5EA180B9DC5A6AF</key>
		<dict>
			<key>buildActionMask</key>
			<string>2147483647</string>
			<key>files</key>
			<array/>
			<key>inputPaths</key>
			<array/>
			<key>isa</key>
			<string>PBXShellScriptBuildPhase</string>
			<key>name</key>
			<string>Copy Pods Resources</string>
			<key>outputPaths</key>
			<array/>
			<key>runOnlyForDeploymentPostprocessing</key>
			<string>0</string>
			<key>shellPath</key>
			<string>/bin/sh</string>
			<key>shellScript</key>
			<string>"${SRCROOT}/Pods/Target Support Files/Pods-UI Tests/Pods-UI Tests-resources.sh"
</string>
			<key>showEnvVarsInLog</key>
			<string>0</string>
		</dict>
	</dict>
	<key>rootObject</key>
	<string>78DB87EE1858F0CC00BF5054</string>
</dict>
</plist>
